
Microsoft Visual Studio Solution File, Format Version 12.00
# Visual Studio Version 16
VisualStudioVersion = 16.0.29519.87
MinimumVisualStudioVersion = 10.0.40219.1
Project("{FAE04EC0-301F-11D3-BF4B-00C04F79EFBC}") = "ApiWithJsonPolymorphism", "ApiWithJsonPolymorphism\ApiWithJsonPolymorphism.csproj", "{A0EF178E-B08C-4116-9BEB-343BE0C89EB7}"
EndProject
Project("{FAE04EC0-301F-11D3-BF4B-00C04F79EFBC}") = "TestJsonPolymorphism", "TestJsonPolymorphism\TestJsonPolymorphism.csproj", "{45CA542C-ED52-4DC8-AEDB-C801A881235A}"
EndProject
Global
	GlobalSection(SolutionConfigurationPlatforms) = preSolution
		Debug|Any CPU = Debug|Any CPU
		Release|Any CPU = Release|Any CPU
	EndGlobalSection
	GlobalSection(ProjectConfigurationPlatforms) = postSolution
		{A0EF178E-B08C-4116-9BEB-343BE0C89EB7}.Debug|Any CPU.ActiveCfg = Debug|Any CPU
		{A0EF178E-B08C-4116-9BEB-343BE0C89EB7}.Debug|Any CPU.Build.0 = Debug|Any CPU
		{A0EF178E-B08C-4116-9BEB-343BE0C89EB7}.Release|Any CPU.ActiveCfg = Release|Any CPU
		{A0EF178E-B08C-4116-9BEB-343BE0C89EB7}.Release|Any CPU.Build.0 = Release|Any CPU
		{45CA542C-ED52-4DC8-AEDB-C801A881235A}.Debug|Any CPU.ActiveCfg = Debug|Any CPU
		{45CA542C-ED52-4DC8-AEDB-C801A881235A}.Debug|Any CPU.Build.0 = Debug|Any CPU
		{45CA542C-ED52-4DC8-AEDB-C801A881235A}.Release|Any CPU.ActiveCfg = Release|Any CPU
		{45CA542C-ED52-4DC8-AEDB-C801A881235A}.Release|Any CPU.Build.0 = Release|Any CPU
	EndGlobalSection
	GlobalSection(SolutionProperties) = preSolution
		HideSolutionNode = FALSE
	EndGlobalSection
	GlobalSection(ExtensibilityGlobals) = postSolution
		SolutionGuid = {8EDE088B-9E6B-415E-94E6-FC7F8F7DD3D9}
	EndGlobalSection
EndGlobal
